
Microsoft Visual Studio Solution File, Format Version 12.00
# Visual Studio Version 16
VisualStudioVersion = 16.0.32602.291
MinimumVisualStudioVersion = 10.0.40219.1
Project("{C9674DCB-5085-4A16-B785-4C70DD1589BD}") = "duna_housing_ssisproject", "duna_housing_ssisproject\duna_housing_ssisproject.dtproj", "{B2F522A2-34BE-4B7F-9A61-35DA301966F3}"
EndProject
Global
	GlobalSection(SolutionConfigurationPlatforms) = preSolution
		Development|Default = Development|Default
	EndGlobalSection
	GlobalSection(ProjectConfigurationPlatforms) = postSolution
		{B2F522A2-34BE-4B7F-9A61-35DA301966F3}.Development|Default.ActiveCfg = Development
		{B2F522A2-34BE-4B7F-9A61-35DA301966F3}.Development|Default.Build.0 = Development
	EndGlobalSection
	GlobalSection(SolutionProperties) = preSolution
		HideSolutionNode = FALSE
	EndGlobalSection
	GlobalSection(ExtensibilityGlobals) = postSolution
		SolutionGuid = {16FE86FB-3C01-41FD-AD3A-4551F3387252}
	EndGlobalSection
EndGlobal
